
Microsoft Visual Studio Solution File, Format Version 12.00
# Visual Studio Version 16
VisualStudioVersion = 16.0.28917.181
MinimumVisualStudioVersion = 10.0.40219.1
Project("{FAE04EC0-301F-11D3-BF4B-00C04F79EFBC}") = "CB_Choice", "CB_Choice\CB_Choice.csproj", "{D5349BE7-44F6-495E-ADC3-A05482DC544B}"
EndProject
Global
	GlobalSection(SolutionConfigurationPlatforms) = preSolution
		Debug|Any CPU = Debug|Any CPU
		Release|Any CPU = Release|Any CPU
	EndGlobalSection
	GlobalSection(ProjectConfigurationPlatforms) = postSolution
		{D5349BE7-44F6-495E-ADC3-A05482DC544B}.Debug|Any CPU.ActiveCfg = Debug|Any CPU
		{D5349BE7-44F6-495E-ADC3-A05482DC544B}.Debug|Any CPU.Build.0 = Debug|Any CPU
		{D5349BE7-44F6-495E-ADC3-A05482DC544B}.Release|Any CPU.ActiveCfg = Release|Any CPU
		{D5349BE7-44F6-495E-ADC3-A05482DC544B}.Release|Any CPU.Build.0 = Release|Any CPU
	EndGlobalSection
	GlobalSection(SolutionProperties) = preSolution
		HideSolutionNode = FALSE
	EndGlobalSection
	GlobalSection(ExtensibilityGlobals) = postSolution
		SolutionGuid = {23C1A89A-36B7-4D34-A9D5-81B86886FB98}
	EndGlobalSection
EndGlobal
